
Microsoft Visual Studio Solution File, Format Version 12.00
# Visual Studio 15
VisualStudioVersion = 15.0.28307.421
MinimumVisualStudioVersion = 10.0.40219.1
Project("{8BC9CEB8-8B4A-11D0-8D11-00A0C91BC942}") = "Trianglepath", "Trianglepath\Trianglepath.vcxproj", "{BA4C27C4-369C-4927-83E3-3DA64ED6FD91}"
EndProject
Global
	GlobalSection(SolutionConfigurationPlatforms) = preSolution
		Debug|x64 = Debug|x64
		Debug|x86 = Debug|x86
		Release|x64 = Release|x64
		Release|x86 = Release|x86
	EndGlobalSection
	GlobalSection(ProjectConfigurationPlatforms) = postSolution
		{BA4C27C4-369C-4927-83E3-3DA64ED6FD91}.Debug|x64.ActiveCfg = Debug|x64
		{BA4C27C4-369C-4927-83E3-3DA64ED6FD91}.Debug|x64.Build.0 = Debug|x64
		{BA4C27C4-369C-4927-83E3-3DA64ED6FD91}.Debug|x86.ActiveCfg = Debug|Win32
		{BA4C27C4-369C-4927-83E3-3DA64ED6FD91}.Debug|x86.Build.0 = Debug|Win32
		{BA4C27C4-369C-4927-83E3-3DA64ED6FD91}.Release|x64.ActiveCfg = Release|x64
		{BA4C27C4-369C-4927-83E3-3DA64ED6FD91}.Release|x64.Build.0 = Release|x64
		{BA4C27C4-369C-4927-83E3-3DA64ED6FD91}.Release|x86.ActiveCfg = Release|Win32
		{BA4C27C4-369C-4927-83E3-3DA64ED6FD91}.Release|x86.Build.0 = Release|Win32
	EndGlobalSection
	GlobalSection(SolutionProperties) = preSolution
		HideSolutionNode = FALSE
	EndGlobalSection
	GlobalSection(ExtensibilityGlobals) = postSolution
		SolutionGuid = {7DF3A4F6-4752-4D9C-B6DA-E3FC1A9D9B6C}
	EndGlobalSection
EndGlobal
